
Microsoft Visual Studio Solution File, Format Version 12.00
# Visual Studio Version 16
VisualStudioVersion = 16.0.29418.71
MinimumVisualStudioVersion = 10.0.40219.1
Project("{9A19103F-16F7-4668-BE54-9A1E7A4F7556}") = "HoanFunctionApi", "HoanFunctionApi.csproj", "{8C413918-CCBE-4784-A23C-3FB6E9A9DC66}"
EndProject
Global
	GlobalSection(SolutionConfigurationPlatforms) = preSolution
		Debug|Any CPU = Debug|Any CPU
		Release|Any CPU = Release|Any CPU
	EndGlobalSection
	GlobalSection(ProjectConfigurationPlatforms) = postSolution
		{8C413918-CCBE-4784-A23C-3FB6E9A9DC66}.Debug|Any CPU.ActiveCfg = Debug|Any CPU
		{8C413918-CCBE-4784-A23C-3FB6E9A9DC66}.Debug|Any CPU.Build.0 = Debug|Any CPU
		{8C413918-CCBE-4784-A23C-3FB6E9A9DC66}.Release|Any CPU.ActiveCfg = Release|Any CPU
		{8C413918-CCBE-4784-A23C-3FB6E9A9DC66}.Release|Any CPU.Build.0 = Release|Any CPU
	EndGlobalSection
	GlobalSection(SolutionProperties) = preSolution
		HideSolutionNode = FALSE
	EndGlobalSection
	GlobalSection(ExtensibilityGlobals) = postSolution
		SolutionGuid = {C4CBA873-D493-490C-92D4-60DE7D1854AB}
	EndGlobalSection
EndGlobal
